
Microsoft Visual Studio Solution File, Format Version 12.00
# Visual Studio Version 16
VisualStudioVersion = 16.0.30517.126
MinimumVisualStudioVersion = 10.0.40219.1
Project("{FAE04EC0-301F-11D3-BF4B-00C04F79EFBC}") = "Blog", "Blog\Blog.csproj", "{8E0B4A50-EC8E-49EC-95ED-86C6831EDB60}"
EndProject
Global
	GlobalSection(SolutionConfigurationPlatforms) = preSolution
		Debug|Any CPU = Debug|Any CPU
		Release|Any CPU = Release|Any CPU
	EndGlobalSection
	GlobalSection(ProjectConfigurationPlatforms) = postSolution
		{8E0B4A50-EC8E-49EC-95ED-86C6831EDB60}.Debug|Any CPU.ActiveCfg = Debug|Any CPU
		{8E0B4A50-EC8E-49EC-95ED-86C6831EDB60}.Debug|Any CPU.Build.0 = Debug|Any CPU
		{8E0B4A50-EC8E-49EC-95ED-86C6831EDB60}.Release|Any CPU.ActiveCfg = Release|Any CPU
		{8E0B4A50-EC8E-49EC-95ED-86C6831EDB60}.Release|Any CPU.Build.0 = Release|Any CPU
	EndGlobalSection
	GlobalSection(SolutionProperties) = preSolution
		HideSolutionNode = FALSE
	EndGlobalSection
	GlobalSection(ExtensibilityGlobals) = postSolution
		SolutionGuid = {6F3F31A6-2472-4D75-BE21-D5FAC864050A}
	EndGlobalSection
EndGlobal
